
Microsoft Visual Studio Solution File, Format Version 12.00
# Visual Studio 15
VisualStudioVersion = 15.0.27428.2037
MinimumVisualStudioVersion = 10.0.40219.1
Project("{FAE04EC0-301F-11D3-BF4B-00C04F79EFBC}") = "ThreadImitationHW", "ThreadImitationHW\ThreadImitationHW.csproj", "{2B0DC908-00F2-47FF-879A-28ACD8679DEE}"
EndProject
Global
	GlobalSection(SolutionConfigurationPlatforms) = preSolution
		Debug|Any CPU = Debug|Any CPU
		Release|Any CPU = Release|Any CPU
	EndGlobalSection
	GlobalSection(ProjectConfigurationPlatforms) = postSolution
		{2B0DC908-00F2-47FF-879A-28ACD8679DEE}.Debug|Any CPU.ActiveCfg = Debug|Any CPU
		{2B0DC908-00F2-47FF-879A-28ACD8679DEE}.Debug|Any CPU.Build.0 = Debug|Any CPU
		{2B0DC908-00F2-47FF-879A-28ACD8679DEE}.Release|Any CPU.ActiveCfg = Release|Any CPU
		{2B0DC908-00F2-47FF-879A-28ACD8679DEE}.Release|Any CPU.Build.0 = Release|Any CPU
	EndGlobalSection
	GlobalSection(SolutionProperties) = preSolution
		HideSolutionNode = FALSE
	EndGlobalSection
	GlobalSection(ExtensibilityGlobals) = postSolution
		SolutionGuid = {99C86958-75A2-4BD2-90A4-2D91F4C93AA3}
	EndGlobalSection
EndGlobal
